
Microsoft Visual Studio Solution File, Format Version 12.00
# Visual Studio Version 16
VisualStudioVersion = 16.0.30907.101
MinimumVisualStudioVersion = 10.0.40219.1
Project("{9A19103F-16F7-4668-BE54-9A1E7A4F7556}") = "Snapper", "Snapper\Snapper.csproj", "{87026312-E82C-4CD2-B6DB-D7B47AF55EC4}"
EndProject
Project("{FAE04EC0-301F-11D3-BF4B-00C04F79EFBC}") = "Snapper.Addin", "Snapper.OutlookAddin\Snapper.Addin.csproj", "{FB03CEB2-4C96-4803-AD2A-7839E26046F6}"
EndProject
Project("{9A19103F-16F7-4668-BE54-9A1E7A4F7556}") = "Snapper.Tests", "Snapper.Tests\Snapper.Tests.csproj", "{B1003B53-9F94-4727-8D4A-293C021FEC0F}"
EndProject
Project("{9A19103F-16F7-4668-BE54-9A1E7A4F7556}") = "Snapper.Util", "Snapper.Util\Snapper.Util.csproj", "{6D88AA91-F558-4A26-9C3F-A977E6B8189E}"
EndProject
Project("{2150E333-8FDC-42A3-9474-1A3956D46DE8}") = "docs", "docs", "{88967781-12CB-462E-B3D7-DFABA584933F}"
	ProjectSection(SolutionItems) = preProject
		readme.md = readme.md
	EndProjectSection
EndProject
Project("{2150E333-8FDC-42A3-9474-1A3956D46DE8}") = "images", "images", "{BA6DAB62-E541-43A6-864A-109841F66F71}"
EndProject
Project("{2150E333-8FDC-42A3-9474-1A3956D46DE8}") = "scripts", "scripts", "{92F4CD1D-7CDE-4099-B8BB-9B87BAA124DE}"
	ProjectSection(SolutionItems) = preProject
		kill-snapper.cmd = kill-snapper.cmd
	EndProjectSection
EndProject
Global
	GlobalSection(SolutionConfigurationPlatforms) = preSolution
		Debug|Any CPU = Debug|Any CPU
		Debug|x86 = Debug|x86
		Release|Any CPU = Release|Any CPU
		Release|x86 = Release|x86
	EndGlobalSection
	GlobalSection(ProjectConfigurationPlatforms) = postSolution
		{87026312-E82C-4CD2-B6DB-D7B47AF55EC4}.Debug|Any CPU.ActiveCfg = Debug|Any CPU
		{87026312-E82C-4CD2-B6DB-D7B47AF55EC4}.Debug|Any CPU.Build.0 = Debug|Any CPU
		{87026312-E82C-4CD2-B6DB-D7B47AF55EC4}.Debug|x86.ActiveCfg = Debug|x86
		{87026312-E82C-4CD2-B6DB-D7B47AF55EC4}.Debug|x86.Build.0 = Debug|x86
		{87026312-E82C-4CD2-B6DB-D7B47AF55EC4}.Release|Any CPU.ActiveCfg = Release|Any CPU
		{87026312-E82C-4CD2-B6DB-D7B47AF55EC4}.Release|Any CPU.Build.0 = Release|Any CPU
		{87026312-E82C-4CD2-B6DB-D7B47AF55EC4}.Release|x86.ActiveCfg = Release|x86
		{87026312-E82C-4CD2-B6DB-D7B47AF55EC4}.Release|x86.Build.0 = Release|x86
		{FB03CEB2-4C96-4803-AD2A-7839E26046F6}.Debug|Any CPU.ActiveCfg = Debug|Any CPU
		{FB03CEB2-4C96-4803-AD2A-7839E26046F6}.Debug|Any CPU.Build.0 = Debug|Any CPU
		{FB03CEB2-4C96-4803-AD2A-7839E26046F6}.Debug|x86.ActiveCfg = Debug|Any CPU
		{FB03CEB2-4C96-4803-AD2A-7839E26046F6}.Debug|x86.Build.0 = Debug|Any CPU
		{FB03CEB2-4C96-4803-AD2A-7839E26046F6}.Release|Any CPU.ActiveCfg = Release|Any CPU
		{FB03CEB2-4C96-4803-AD2A-7839E26046F6}.Release|Any CPU.Build.0 = Release|Any CPU
		{FB03CEB2-4C96-4803-AD2A-7839E26046F6}.Release|x86.ActiveCfg = Release|Any CPU
		{FB03CEB2-4C96-4803-AD2A-7839E26046F6}.Release|x86.Build.0 = Release|Any CPU
		{B1003B53-9F94-4727-8D4A-293C021FEC0F}.Debug|Any CPU.ActiveCfg = Debug|Any CPU
		{B1003B53-9F94-4727-8D4A-293C021FEC0F}.Debug|Any CPU.Build.0 = Debug|Any CPU
		{B1003B53-9F94-4727-8D4A-293C021FEC0F}.Debug|x86.ActiveCfg = Debug|Any CPU
		{B1003B53-9F94-4727-8D4A-293C021FEC0F}.Debug|x86.Build.0 = Debug|Any CPU
		{B1003B53-9F94-4727-8D4A-293C021FEC0F}.Release|Any CPU.ActiveCfg = Release|Any CPU
		{B1003B53-9F94-4727-8D4A-293C021FEC0F}.Release|Any CPU.Build.0 = Release|Any CPU
		{B1003B53-9F94-4727-8D4A-293C021FEC0F}.Release|x86.ActiveCfg = Release|Any CPU
		{B1003B53-9F94-4727-8D4A-293C021FEC0F}.Release|x86.Build.0 = Release|Any CPU
		{6D88AA91-F558-4A26-9C3F-A977E6B8189E}.Debug|Any CPU.ActiveCfg = Debug|Any CPU
		{6D88AA91-F558-4A26-9C3F-A977E6B8189E}.Debug|Any CPU.Build.0 = Debug|Any CPU
		{6D88AA91-F558-4A26-9C3F-A977E6B8189E}.Debug|x86.ActiveCfg = Debug|Any CPU
		{6D88AA91-F558-4A26-9C3F-A977E6B8189E}.Debug|x86.Build.0 = Debug|Any CPU
		{6D88AA91-F558-4A26-9C3F-A977E6B8189E}.Release|Any CPU.ActiveCfg = Release|Any CPU
		{6D88AA91-F558-4A26-9C3F-A977E6B8189E}.Release|Any CPU.Build.0 = Release|Any CPU
		{6D88AA91-F558-4A26-9C3F-A977E6B8189E}.Release|x86.ActiveCfg = Release|Any CPU
		{6D88AA91-F558-4A26-9C3F-A977E6B8189E}.Release|x86.Build.0 = Release|Any CPU
	EndGlobalSection
	GlobalSection(SolutionProperties) = preSolution
		HideSolutionNode = FALSE
	EndGlobalSection
	GlobalSection(ExtensibilityGlobals) = postSolution
		SolutionGuid = {5327ACC6-6B5A-404B-9715-76A00D10C797}
	EndGlobalSection
	GlobalSection(TestCaseManagementSettings) = postSolution
		CategoryFile = Irm.Tim.Snapper.vsmdi
	EndGlobalSection
EndGlobal
